
Microsoft Visual Studio Solution File, Format Version 12.00
# Visual Studio Version 17
VisualStudioVersion = 17.5.002.0
MinimumVisualStudioVersion = 10.0.40219.1
Project("{9A19103F-16F7-4668-BE54-9A1E7A4F7556}") = "backend", "backend\backend.csproj", "{927ED4C6-41A8-4CFA-BE23-B79715CBFBA6}"
EndProject
Global
	GlobalSection(SolutionConfigurationPlatforms) = preSolution
		Debug|Any CPU = Debug|Any CPU
		Release|Any CPU = Release|Any CPU
	EndGlobalSection
	GlobalSection(ProjectConfigurationPlatforms) = postSolution
		{927ED4C6-41A8-4CFA-BE23-B79715CBFBA6}.Debug|Any CPU.ActiveCfg = Debug|Any CPU
		{927ED4C6-41A8-4CFA-BE23-B79715CBFBA6}.Debug|Any CPU.Build.0 = Debug|Any CPU
		{927ED4C6-41A8-4CFA-BE23-B79715CBFBA6}.Release|Any CPU.ActiveCfg = Release|Any CPU
		{927ED4C6-41A8-4CFA-BE23-B79715CBFBA6}.Release|Any CPU.Build.0 = Release|Any CPU
	EndGlobalSection
	GlobalSection(SolutionProperties) = preSolution
		HideSolutionNode = FALSE
	EndGlobalSection
	GlobalSection(ExtensibilityGlobals) = postSolution
		SolutionGuid = {A5F0E0E4-A8C1-4476-B5A8-3A96127BD928}
	EndGlobalSection
EndGlobal
